
Microsoft Visual Studio Solution File, Format Version 12.00
# Visual Studio Version 17
VisualStudioVersion = 17.7.34009.444
MinimumVisualStudioVersion = 10.0.40219.1
Project("{9A19103F-16F7-4668-BE54-9A1E7A4F7556}") = "SocialNetwork", "SocialNetwork\SocialNetwork.csproj", "{E2AA9A4F-DA00-41AD-8296-E8A32FA13E78}"
EndProject
Project("{FAE04EC0-301F-11D3-BF4B-00C04F79EFBC}") = "SocialNetwork.Tests", "SocialNetwork.Tests\SocialNetwork.Tests.csproj", "{26BC24EC-8D87-438C-B305-6BA893D52EB8}"
EndProject
Global
	GlobalSection(SolutionConfigurationPlatforms) = preSolution
		Debug|Any CPU = Debug|Any CPU
		Release|Any CPU = Release|Any CPU
	EndGlobalSection
	GlobalSection(ProjectConfigurationPlatforms) = postSolution
		{E2AA9A4F-DA00-41AD-8296-E8A32FA13E78}.Debug|Any CPU.ActiveCfg = Debug|Any CPU
		{E2AA9A4F-DA00-41AD-8296-E8A32FA13E78}.Debug|Any CPU.Build.0 = Debug|Any CPU
		{E2AA9A4F-DA00-41AD-8296-E8A32FA13E78}.Release|Any CPU.ActiveCfg = Release|Any CPU
		{E2AA9A4F-DA00-41AD-8296-E8A32FA13E78}.Release|Any CPU.Build.0 = Release|Any CPU
		{26BC24EC-8D87-438C-B305-6BA893D52EB8}.Debug|Any CPU.ActiveCfg = Debug|Any CPU
		{26BC24EC-8D87-438C-B305-6BA893D52EB8}.Debug|Any CPU.Build.0 = Debug|Any CPU
		{26BC24EC-8D87-438C-B305-6BA893D52EB8}.Release|Any CPU.ActiveCfg = Release|Any CPU
		{26BC24EC-8D87-438C-B305-6BA893D52EB8}.Release|Any CPU.Build.0 = Release|Any CPU
	EndGlobalSection
	GlobalSection(SolutionProperties) = preSolution
		HideSolutionNode = FALSE
	EndGlobalSection
	GlobalSection(ExtensibilityGlobals) = postSolution
		SolutionGuid = {33CD6ADA-76A6-4FBB-A1C7-BFE09D6061BD}
	EndGlobalSection
EndGlobal
